// !$*UTF8*$!
{
	archiveVersion = 1;
	classes = {
	};
	objectVersion = 50;
	objects = {

/* Begin PBXBuildFile section */
		AE086831255D1EE70017BC3A /* AppDelegate.swift in Sources */ = {isa = PBXBuildFile; fileRef = AE086830255D1EE70017BC3A /* AppDelegate.swift */; };
		AE086833255D1EE70017BC3A /* SceneDelegate.swift in Sources */ = {isa = PBXBuildFile; fileRef = AE086832255D1EE70017BC3A /* SceneDelegate.swift */; };
		AE086835255D1EE70017BC3A /* ViewController.swift in Sources */ = {isa = PBXBuildFile; fileRef = AE086834255D1EE70017BC3A /* ViewController.swift */; };
		AE086838255D1EE70017BC3A /* Main.storyboard in Resources */ = {isa = PBXBuildFile; fileRef = AE086836255D1EE70017BC3A /* Main.storyboard */; };
		AE08683B255D1EE70017BC3A /* Fosfund_IOS_Admin.xcdatamodeld in Sources */ = {isa = PBXBuildFile; fileRef = AE086839255D1EE70017BC3A /* Fosfund_IOS_Admin.xcdatamodeld */; };
		AE08683D255D1EE80017BC3A /* Assets.xcassets in Resources */ = {isa = PBXBuildFile; fileRef = AE08683C255D1EE80017BC3A /* Assets.xcassets */; };
		AE086840255D1EE80017BC3A /* LaunchScreen.storyboard in Resources */ = {isa = PBXBuildFile; fileRef = AE08683E255D1EE80017BC3A /* LaunchScreen.storyboard */; };
/* End PBXBuildFile section */

/* Begin PBXFileReference section */
		AE08682D255D1EE70017BC3A /* Fosfund-IOS-Admin.app */ = {isa = PBXFileReference; explicitFileType = wrapper.application; includeInIndex = 0; path = "Fosfund-IOS-Admin.app"; sourceTree = BUILT_PRODUCTS_DIR; };
		AE086830255D1EE70017BC3A /* AppDelegate.swift */ = {isa = PBXFileReference; lastKnownFileType = sourcecode.swift; path = AppDelegate.swift; sourceTree = "<group>"; };
		AE086832255D1EE70017BC3A /* SceneDelegate.swift */ = {isa = PBXFileReference; lastKnownFileType = sourcecode.swift; path = SceneDelegate.swift; sourceTree = "<group>"; };
		AE086834255D1EE70017BC3A /* ViewController.swift */ = {isa = PBXFileReference; lastKnownFileType = sourcecode.swift; path = ViewController.swift; sourceTree = "<group>"; };
		AE086837255D1EE70017BC3A /* Base */ = {isa = PBXFileReference; lastKnownFileType = file.storyboard; name = Base; path = Base.lproj/Main.storyboard; sourceTree = "<group>"; };
		AE08683A255D1EE70017BC3A /* Fosfund_IOS_Admin.xcdatamodel */ = {isa = PBXFileReference; lastKnownFileType = wrapper.xcdatamodel; path = Fosfund_IOS_Admin.xcdatamodel; sourceTree = "<group>"; };
		AE08683C255D1EE80017BC3A /* Assets.xcassets */ = {isa = PBXFileReference; lastKnownFileType = folder.assetcatalog; path = Assets.xcassets; sourceTree = "<group>"; };
		AE08683F255D1EE80017BC3A /* Base */ = {isa = PBXFileReference; lastKnownFileType = file.storyboard; name = Base; path = Base.lproj/LaunchScreen.storyboard; sourceTree = "<group>"; };
		AE086841255D1EE80017BC3A /* Info.plist */ = {isa = PBXFileReference; lastKnownFileType = text.plist.xml; path = Info.plist; sourceTree = "<group>"; };
/* End PBXFileReference section */

/* Begin PBXFrameworksBuildPhase section */
		AE08682A255D1EE70017BC3A /* Frameworks */ = {
			isa = PBXFrameworksBuildPhase;
			buildActionMask = 2147483647;
			files = (
			);
			runOnlyForDeploymentPostprocessing = 0;
		};
/* End PBXFrameworksBuildPhase section */

/* Begin PBXGroup section */
		AE086824255D1EE70017BC3A = {
			isa = PBXGroup;
			children = (
				AE08682F255D1EE70017BC3A /* Fosfund-IOS-Admin */,
				AE08682E255D1EE70017BC3A /* Products */,
			);
			sourceTree = "<group>";
		};
		AE08682E255D1EE70017BC3A /* Products */ = {
			isa = PBXGroup;
			children = (
				AE08682D255D1EE70017BC3A /* Fosfund-IOS-Admin.app */,
			);
			name = Products;
			sourceTree = "<group>";
		};
		AE08682F255D1EE70017BC3A /* Fosfund-IOS-Admin */ = {
			isa = PBXGroup;
			children = (
				AE086830255D1EE70017BC3A /* AppDelegate.swift */,
				AE086832255D1EE70017BC3A /* SceneDelegate.swift */,
				AE086834255D1EE70017BC3A /* ViewController.swift */,
				AE086836255D1EE70017BC3A /* Main.storyboard */,
				AE08683C255D1EE80017BC3A /* Assets.xcassets */,
				AE08683E255D1EE80017BC3A /* LaunchScreen.storyboard */,
				AE086841255D1EE80017BC3A /* Info.plist */,
				AE086839255D1EE70017BC3A /* Fosfund_IOS_Admin.xcdatamodeld */,
			);
			path = "Fosfund-IOS-Admin";
			sourceTree = "<group>";
		};
/* End PBXGroup section */

/* Begin PBXNativeTarget section */
		AE08682C255D1EE70017BC3A /* Fosfund-IOS-Admin */ = {
			isa = PBXNativeTarget;
			buildConfigurationList = AE086844255D1EE80017BC3A /* Build configuration list for PBXNativeTarget "Fosfund-IOS-Admin" */;
			buildPhases = (
				AE086829255D1EE70017BC3A /* Sources */,
				AE08682A255D1EE70017BC3A /* Frameworks */,
				AE08682B255D1EE70017BC3A /* Resources */,
			);
			buildRules = (
			);
			dependencies = (
			);
			name = "Fosfund-IOS-Admin";
			productName = "Fosfund-IOS-Admin";
			productReference = AE08682D255D1EE70017BC3A /* Fosfund-IOS-Admin.app */;
			productType = "com.apple.product-type.application";
		};
/* End PBXNativeTarget section */

/* Begin PBXProject section */
		AE086825255D1EE70017BC3A /* Project object */ = {
			isa = PBXProject;
			attributes = {
				LastSwiftUpdateCheck = 1210;
				LastUpgradeCheck = 1210;
				TargetAttributes = {
					AE08682C255D1EE70017BC3A = {
						CreatedOnToolsVersion = 12.1;
					};
				};
			};
			buildConfigurationList = AE086828255D1EE70017BC3A /* Build configuration list for PBXProject "Fosfund-IOS-Admin" */;
			compatibilityVersion = "Xcode 9.3";
			developmentRegion = en;
			hasScannedForEncodings = 0;
			knownRegions = (
				en,
				Base,
			);
			mainGroup = AE086824255D1EE70017BC3A;
			productRefGroup = AE08682E255D1EE70017BC3A /* Products */;
			projectDirPath = "";
			projectRoot = "";
			targets = (
				AE08682C255D1EE70017BC3A /* Fosfund-IOS-Admin */,
			);
		};
/* End PBXProject section */

/* Begin PBXResourcesBuildPhase section */
		AE08682B255D1EE70017BC3A /* Resources */ = {
			isa = PBXResourcesBuildPhase;
			buildActionMask = 2147483647;
			files = (
				AE086840255D1EE80017BC3A /* LaunchScreen.storyboard in Resources */,
				AE08683D255D1EE80017BC3A /* Assets.xcassets in Resources */,
				AE086838255D1EE70017BC3A /* Main.storyboard in Resources */,
			);
			runOnlyForDeploymentPostprocessing = 0;
		};
/* End PBXResourcesBuildPhase section */

/* Begin PBXSourcesBuildPhase section */
		AE086829255D1EE70017BC3A /* Sources */ = {
			isa = PBXSourcesBuildPhase;
			buildActionMask = 2147483647;
			files = (
				AE086835255D1EE70017BC3A /* ViewController.swift in Sources */,
				AE08683B255D1EE70017BC3A /* Fosfund_IOS_Admin.xcdatamodeld in Sources */,
				AE086831255D1EE70017BC3A /* AppDelegate.swift in Sources */,
				AE086833255D1EE70017BC3A /* SceneDelegate.swift in Sources */,
			);
			runOnlyForDeploymentPostprocessing = 0;
		};
/* End PBXSourcesBuildPhase section */

/* Begin PBXVariantGroup section */
		AE086836255D1EE70017BC3A /* Main.storyboard */ = {
			isa = PBXVariantGroup;
			children = (
				AE086837255D1EE70017BC3A /* Base */,
			);
			name = Main.storyboard;
			sourceTree = "<group>";
		};
		AE08683E255D1EE80017BC3A /* LaunchScreen.storyboard */ = {
			isa = PBXVariantGroup;
			children = (
				AE08683F255D1EE80017BC3A /* Base */,
			);
			name = LaunchScreen.storyboard;
			sourceTree = "<group>";
		};
/* End PBXVariantGroup section */

/* Begin XCBuildConfiguration section */
		AE086842255D1EE80017BC3A /* Debug */ = {
			isa = XCBuildConfiguration;
			buildSettings = {
				ALWAYS_SEARCH_USER_PATHS = NO;
				CLANG_ANALYZER_NONNULL = YES;
				CLANG_ANALYZER_NUMBER_OBJECT_CONVERSION = YES_AGGRESSIVE;
				CLANG_CXX_LANGUAGE_STANDARD = "gnu++14";
				CLANG_CXX_LIBRARY = "libc++";
				CLANG_ENABLE_MODULES = YES;
				CLANG_ENABLE_OBJC_ARC = YES;
				CLANG_ENABLE_OBJC_WEAK = YES;
				CLANG_WARN_BLOCK_CAPTURE_AUTORELEASING = YES;
				CLANG_WARN_BOOL_CONVERSION = YES;
				CLANG_WARN_COMMA = YES;
				CLANG_WARN_CONSTANT_CONVERSION = YES;
				CLANG_WARN_DEPRECATED_OBJC_IMPLEMENTATIONS = YES;
				CLANG_WARN_DIRECT_OBJC_ISA_USAGE = YES_ERROR;
				CLANG_WARN_DOCUMENTATION_COMMENTS = YES;
				CLANG_WARN_EMPTY_BODY = YES;
				CLANG_WARN_ENUM_CONVERSION = YES;
				CLANG_WARN_INFINITE_RECURSION = YES;
				CLANG_WARN_INT_CONVERSION = YES;
				CLANG_WARN_NON_LITERAL_NULL_CONVERSION = YES;
				CLANG_WARN_OBJC_IMPLICIT_RETAIN_SELF = YES;
				CLANG_WARN_OBJC_LITERAL_CONVERSION = YES;
				CLANG_WARN_OBJC_ROOT_CLASS = YES_ERROR;
				CLANG_WARN_QUOTED_INCLUDE_IN_FRAMEWORK_HEADER = YES;
				CLANG_WARN_RANGE_LOOP_ANALYSIS = YES;
				CLANG_WARN_STRICT_PROTOTYPES = YES;
				CLANG_WARN_SUSPICIOUS_MOVE = YES;
				CLANG_WARN_UNGUARDED_AVAILABILITY = YES_AGGRESSIVE;
				CLANG_WARN_UNREACHABLE_CODE = YES;
				CLANG_WARN__DUPLICATE_METHOD_MATCH = YES;
				COPY_PHASE_STRIP = NO;
				DEBUG_INFORMATION_FORMAT = dwarf;
				ENABLE_STRICT_OBJC_MSGSEND = YES;
				ENABLE_TESTABILITY = YES;
				GCC_C_LANGUAGE_STANDARD = gnu11;
				GCC_DYNAMIC_NO_PIC = NO;
				GCC_NO_COMMON_BLOCKS = YES;
				GCC_OPTIMIZATION_LEVEL = 0;
				GCC_PREPROCESSOR_DEFINITIONS = (
					"DEBUG=1",
					"$(inherited)",
				);
				GCC_WARN_64_TO_32_BIT_CONVERSION = YES;
				GCC_WARN_ABOUT_RETURN_TYPE = YES_ERROR;
				GCC_WARN_UNDECLARED_SELECTOR = YES;
				GCC_WARN_UNINITIALIZED_AUTOS = YES_AGGRESSIVE;
				GCC_WARN_UNUSED_FUNCTION = YES;
				GCC_WARN_UNUSED_VARIABLE = YES;
				IPHONEOS_DEPLOYMENT_TARGET = 14.1;
				MTL_ENABLE_DEBUG_INFO = INCLUDE_SOURCE;
				MTL_FAST_MATH = YES;
				ONLY_ACTIVE_ARCH = YES;
				SDKROOT = iphoneos;
				SWIFT_ACTIVE_COMPILATION_CONDITIONS = DEBUG;
				SWIFT_OPTIMIZATION_LEVEL = "-Onone";
			};
			name = Debug;
		};
		AE086843255D1EE80017BC3A /* Release */ = {
			isa = XCBuildConfiguration;
			buildSettings = {
				ALWAYS_SEARCH_USER_PATHS = NO;
				CLANG_ANALYZER_NONNULL = YES;
				CLANG_ANALYZER_NUMBER_OBJECT_CONVERSION = YES_AGGRESSIVE;
				CLANG_CXX_LANGUAGE_STANDARD = "gnu++14";
				CLANG_CXX_LIBRARY = "libc++";
				CLANG_ENABLE_MODULES = YES;
				CLANG_ENABLE_OBJC_ARC = YES;
				CLANG_ENABLE_OBJC_WEAK = YES;
				CLANG_WARN_BLOCK_CAPTURE_AUTORELEASING = YES;
				CLANG_WARN_BOOL_CONVERSION = YES;
				CLANG_WARN_COMMA = YES;
				CLANG_WARN_CONSTANT_CONVERSION = YES;
				CLANG_WARN_DEPRECATED_OBJC_IMPLEMENTATIONS = YES;
				CLANG_WARN_DIRECT_OBJC_ISA_USAGE = YES_ERROR;
				CLANG_WARN_DOCUMENTATION_COMMENTS = YES;
				CLANG_WARN_EMPTY_BODY = YES;
				CLANG_WARN_ENUM_CONVERSION = YES;
				CLANG_WARN_INFINITE_RECURSION = YES;
				CLANG_WARN_INT_CONVERSION = YES;
				CLANG_WARN_NON_LITERAL_NULL_CONVERSION = YES;
				CLANG_WARN_OBJC_IMPLICIT_RETAIN_SELF = YES;
				CLANG_WARN_OBJC_LITERAL_CONVERSION = YES;
				CLANG_WARN_OBJC_ROOT_CLASS = YES_ERROR;
				CLANG_WARN_QUOTED_INCLUDE_IN_FRAMEWORK_HEADER = YES;
				CLANG_WARN_RANGE_LOOP_ANALYSIS = YES;
				CLANG_WARN_STRICT_PROTOTYPES = YES;
				CLANG_WARN_SUSPICIOUS_MOVE = YES;
				CLANG_WARN_UNGUARDED_AVAILABILITY = YES_AGGRESSIVE;
				CLANG_WARN_UNREACHABLE_CODE = YES;
				CLANG_WARN__DUPLICATE_METHOD_MATCH = YES;
				COPY_PHASE_STRIP = NO;
				DEBUG_INFORMATION_FORMAT = "dwarf-with-dsym";
				ENABLE_NS_ASSERTIONS = NO;
				ENABLE_STRICT_OBJC_MSGSEND = YES;
				GCC_C_LANGUAGE_STANDARD = gnu11;
				GCC_NO_COMMON_BLOCKS = YES;
				GCC_WARN_64_TO_32_BIT_CONVERSION = YES;
				GCC_WARN_ABOUT_RETURN_TYPE = YES_ERROR;
				GCC_WARN_UNDECLARED_SELECTOR = YES;
				GCC_WARN_UNINITIALIZED_AUTOS = YES_AGGRESSIVE;
				GCC_WARN_UNUSED_FUNCTION = YES;
				GCC_WARN_UNUSED_VARIABLE = YES;
				IPHONEOS_DEPLOYMENT_TARGET = 14.1;
				MTL_ENABLE_DEBUG_INFO = NO;
				MTL_FAST_MATH = YES;
				SDKROOT = iphoneos;
				SWIFT_COMPILATION_MODE = wholemodule;
				SWIFT_OPTIMIZATION_LEVEL = "-O";
				VALIDATE_PRODUCT = YES;
			};
			name = Release;
		};
		AE086845255D1EE80017BC3A /* Debug */ = {
			isa = XCBuildConfiguration;
			buildSettings = {
				ASSETCATALOG_COMPILER_APPICON_NAME = AppIcon;
				ASSETCATALOG_COMPILER_GLOBAL_ACCENT_COLOR_NAME = AccentColor;
				CODE_SIGN_STYLE = Automatic;
				DEVELOPMENT_TEAM = DLW8864UKA;
				INFOPLIST_FILE = "Fosfund-IOS-Admin/Info.plist";
				LD_RUNPATH_SEARCH_PATHS = (
					"$(inherited)",
					"@executable_path/Frameworks",
				);
				PRODUCT_BUNDLE_IDENTIFIER = "Macro40.Fosfund-IOS-Admin";
				PRODUCT_NAME = "$(TARGET_NAME)";
				SWIFT_VERSION = 5.0;
				TARGETED_DEVICE_FAMILY = "1,2";
			};
			name = Debug;
		};
		AE086846255D1EE80017BC3A /* Release */ = {
			isa = XCBuildConfiguration;
			buildSettings = {
				ASSETCATALOG_COMPILER_APPICON_NAME = AppIcon;
				ASSETCATALOG_COMPILER_GLOBAL_ACCENT_COLOR_NAME = AccentColor;
				CODE_SIGN_STYLE = Automatic;
				DEVELOPMENT_TEAM = DLW8864UKA;
				INFOPLIST_FILE = "Fosfund-IOS-Admin/Info.plist";
				LD_RUNPATH_SEARCH_PATHS = (
					"$(inherited)",
					"@executable_path/Frameworks",
				);
				PRODUCT_BUNDLE_IDENTIFIER = "Macro40.Fosfund-IOS-Admin";
				PRODUCT_NAME = "$(TARGET_NAME)";
				SWIFT_VERSION = 5.0;
				TARGETED_DEVICE_FAMILY = "1,2";
			};
			name = Release;
		};
/* End XCBuildConfiguration section */

/* Begin XCConfigurationList section */
		AE086828255D1EE70017BC3A /* Build configuration list for PBXProject "Fosfund-IOS-Admin" */ = {
			isa = XCConfigurationList;
			buildConfigurations = (
				AE086842255D1EE80017BC3A /* Debug */,
				AE086843255D1EE80017BC3A /* Release */,
			);
			defaultConfigurationIsVisible = 0;
			defaultConfigurationName = Release;
		};
		AE086844255D1EE80017BC3A /* Build configuration list for PBXNativeTarget "Fosfund-IOS-Admin" */ = {
			isa = XCConfigurationList;
			buildConfigurations = (
				AE086845255D1EE80017BC3A /* Debug */,
				AE086846255D1EE80017BC3A /* Release */,
			);
			defaultConfigurationIsVisible = 0;
			defaultConfigurationName = Release;
		};
/* End XCConfigurationList section */

/* Begin XCVersionGroup section */
		AE086839255D1EE70017BC3A /* Fosfund_IOS_Admin.xcdatamodeld */ = {
			isa = XCVersionGroup;
			children = (
				AE08683A255D1EE70017BC3A /* Fosfund_IOS_Admin.xcdatamodel */,
			);
			currentVersion = AE08683A255D1EE70017BC3A /* Fosfund_IOS_Admin.xcdatamodel */;
			path = Fosfund_IOS_Admin.xcdatamodeld;
			sourceTree = "<group>";
			versionGroupType = wrapper.xcdatamodel;
		};
/* End XCVersionGroup section */
	};
	rootObject = AE086825255D1EE70017BC3A /* Project object */;
}
